Microsoft Visual Studio Solution File, Format Version 12.00
# Visual Studio Version 17
VisualStudioVersion = 17.0.31611.283
MinimumVisualStudioVersion = 10.0.40219.1
Project("{9A19103F-16F7-4668-BE54-9A1E7A4F7556}") = "TestAppMauiBlazor", "TestAppMauiBlazor\TestAppMauiBlazor.csproj", "{E144E3D1-104B-40C0-8F0D-33629FDDF425}"
EndProject
Project("{9A19103F-16F7-4668-BE54-9A1E7A4F7556}") = "BlazorLib", "BlazorLib\BlazorLib.csproj", "{99C84EFC-0D72-4F2C-A9FB-A9890EFA41BA}"
EndProject
Project("{9A19103F-16F7-4668-BE54-9A1E7A4F7556}") = "BlazorWebApp", "BlazorWebApp\BlazorWebApp.csproj", "{5A7739FE-4A99-422C-906E-470F7D4E4E75}"
EndProject
Project("{9A19103F-16F7-4668-BE54-9A1E7A4F7556}") = "WebApp1", "WebApp1\WebApp1.csproj", "{960CB621-DC4C-4111-B61E-F2DC8CE55C8A}"
EndProject
Project("{9A19103F-16F7-4668-BE54-9A1E7A4F7556}") = "Identity.Api", "Identity.Api\Identity.Api.csproj", "{E47FBDA8-688C-451E-A9F0-C23596BFCDCF}"
EndProject
Global
	GlobalSection(SolutionConfigurationPlatforms) = preSolution
		Debug|Any CPU = Debug|Any CPU
		Release|Any CPU = Release|Any CPU
	EndGlobalSection
	GlobalSection(ProjectConfigurationPlatforms) = postSolution
		{E144E3D1-104B-40C0-8F0D-33629FDDF425}.Debug|Any CPU.ActiveCfg = Debug|Any CPU
		{E144E3D1-104B-40C0-8F0D-33629FDDF425}.Debug|Any CPU.Build.0 = Debug|Any CPU
		{E144E3D1-104B-40C0-8F0D-33629FDDF425}.Debug|Any CPU.Deploy.0 = Debug|Any CPU
		{E144E3D1-104B-40C0-8F0D-33629FDDF425}.Release|Any CPU.ActiveCfg = Release|Any CPU
		{E144E3D1-104B-40C0-8F0D-33629FDDF425}.Release|Any CPU.Build.0 = Release|Any CPU
		{E144E3D1-104B-40C0-8F0D-33629FDDF425}.Release|Any CPU.Deploy.0 = Release|Any CPU
		{99C84EFC-0D72-4F2C-A9FB-A9890EFA41BA}.Debug|Any CPU.ActiveCfg = Debug|Any CPU
		{99C84EFC-0D72-4F2C-A9FB-A9890EFA41BA}.Debug|Any CPU.Build.0 = Debug|Any CPU
		{99C84EFC-0D72-4F2C-A9FB-A9890EFA41BA}.Release|Any CPU.ActiveCfg = Release|Any CPU
		{99C84EFC-0D72-4F2C-A9FB-A9890EFA41BA}.Release|Any CPU.Build.0 = Release|Any CPU
		{5A7739FE-4A99-422C-906E-470F7D4E4E75}.Debug|Any CPU.ActiveCfg = Debug|Any CPU
		{5A7739FE-4A99-422C-906E-470F7D4E4E75}.Debug|Any CPU.Build.0 = Debug|Any CPU
		{5A7739FE-4A99-422C-906E-470F7D4E4E75}.Release|Any CPU.ActiveCfg = Release|Any CPU
		{5A7739FE-4A99-422C-906E-470F7D4E4E75}.Release|Any CPU.Build.0 = Release|Any CPU
		{960CB621-DC4C-4111-B61E-F2DC8CE55C8A}.Debug|Any CPU.ActiveCfg = Debug|Any CPU
		{960CB621-DC4C-4111-B61E-F2DC8CE55C8A}.Debug|Any CPU.Build.0 = Debug|Any CPU
		{960CB621-DC4C-4111-B61E-F2DC8CE55C8A}.Release|Any CPU.ActiveCfg = Release|Any CPU
		{960CB621-DC4C-4111-B61E-F2DC8CE55C8A}.Release|Any CPU.Build.0 = Release|Any CPU
		{E47FBDA8-688C-451E-A9F0-C23596BFCDCF}.Debug|Any CPU.ActiveCfg = Debug|Any CPU
		{E47FBDA8-688C-451E-A9F0-C23596BFCDCF}.Debug|Any CPU.Build.0 = Debug|Any CPU
		{E47FBDA8-688C-451E-A9F0-C23596BFCDCF}.Release|Any CPU.ActiveCfg = Release|Any CPU
		{E47FBDA8-688C-451E-A9F0-C23596BFCDCF}.Release|Any CPU.Build.0 = Release|Any CPU
	EndGlobalSection
	GlobalSection(SolutionProperties) = preSolution
		HideSolutionNode = FALSE
	EndGlobalSection
	GlobalSection(ExtensibilityGlobals) = postSolution
		SolutionGuid = {61F7FB11-1E47-470C-91E2-47F8143E1572}
	EndGlobalSection
EndGlobal
